// !$*UTF8*$!
{
	archiveVersion = 1;
	classes = {
	};
	objectVersion = 56;
	objects = {

/* Begin PBXBuildFile section */
		6B977FAC29C1B330001DC154 /* PUZZLEApp.swift in Sources */ = {isa = PBXBuildFile; fileRef = 6B977FAB29C1B330001DC154 /* PUZZLEApp.swift */; };
		6B977FAE29C1B330001DC154 /* ContentView.swift in Sources */ = {isa = PBXBuildFile; fileRef = 6B977FAD29C1B330001DC154 /* ContentView.swift */; };
		6B977FB029C1B333001DC154 /* Assets.xcassets in Resources */ = {isa = PBXBuildFile; fileRef = 6B977FAF29C1B333001DC154 /* Assets.xcassets */; };
		6B977FB329C1B333001DC154 /* Preview Assets.xcassets in Resources */ = {isa = PBXBuildFile; fileRef = 6B977FB229C1B333001DC154 /* Preview Assets.xcassets */; };
<<<<<<< refs/remotes/origin/UIStudy/chapter1
=======
		6B977FBA29C2D0B0001DC154 /* CircleImageView.swift in Sources */ = {isa = PBXBuildFile; fileRef = 6B977FB929C2D0B0001DC154 /* CircleImageView.swift */; };
		6B977FBC29C2D908001DC154 /* MapView.swift in Sources */ = {isa = PBXBuildFile; fileRef = 6B977FBB29C2D908001DC154 /* MapView.swift */; };
		6BA6108D29C85E94003441F0 /* landmarkData.json in Resources */ = {isa = PBXBuildFile; fileRef = 6BA6108C29C85E93003441F0 /* landmarkData.json */; };
		6BA6108F29C85EAB003441F0 /* Landmark.swift in Sources */ = {isa = PBXBuildFile; fileRef = 6BA6108E29C85EAB003441F0 /* Landmark.swift */; };
		6BA6109729C95667003441F0 /* ModelData.swift in Sources */ = {isa = PBXBuildFile; fileRef = 6BA6109629C95667003441F0 /* ModelData.swift */; };
		6BA6109D29C97A4F003441F0 /* LandmarkRow.swift in Sources */ = {isa = PBXBuildFile; fileRef = 6BA6109C29C97A4F003441F0 /* LandmarkRow.swift */; };
		6BC0A67D29D18FC9003DAD1D /* FavoriteButton.swift in Sources */ = {isa = PBXBuildFile; fileRef = 6BC0A67C29D18FC9003DAD1D /* FavoriteButton.swift */; };
		6BFB224329C988FF005DC7B9 /* LandmarkList.swift in Sources */ = {isa = PBXBuildFile; fileRef = 6BFB224229C988FF005DC7B9 /* LandmarkList.swift */; };
		6BFB224529C9914A005DC7B9 /* LandmarkDetail.swift in Sources */ = {isa = PBXBuildFile; fileRef = 6BFB224429C9914A005DC7B9 /* LandmarkDetail.swift */; };
>>>>>>> [Chapter1] 3. handling user input
/* End PBXBuildFile section */

/* Begin PBXFileReference section */
		6B977FA829C1B330001DC154 /* PUZZLE.app */ = {isa = PBXFileReference; explicitFileType = wrapper.application; includeInIndex = 0; path = PUZZLE.app; sourceTree = BUILT_PRODUCTS_DIR; };
		6B977FAB29C1B330001DC154 /* PUZZLEApp.swift */ = {isa = PBXFileReference; lastKnownFileType = sourcecode.swift; path = PUZZLEApp.swift; sourceTree = "<group>"; };
		6B977FAD29C1B330001DC154 /* ContentView.swift */ = {isa = PBXFileReference; lastKnownFileType = sourcecode.swift; path = ContentView.swift; sourceTree = "<group>"; };
		6B977FAF29C1B333001DC154 /* Assets.xcassets */ = {isa = PBXFileReference; lastKnownFileType = folder.assetcatalog; path = Assets.xcassets; sourceTree = "<group>"; };
		6B977FB229C1B333001DC154 /* Preview Assets.xcassets */ = {isa = PBXFileReference; lastKnownFileType = folder.assetcatalog; path = "Preview Assets.xcassets"; sourceTree = "<group>"; };
<<<<<<< refs/remotes/origin/UIStudy/chapter1
=======
		6B977FB929C2D0B0001DC154 /* CircleImageView.swift */ = {isa = PBXFileReference; lastKnownFileType = sourcecode.swift; path = CircleImageView.swift; sourceTree = "<group>"; };
		6B977FBB29C2D908001DC154 /* MapView.swift */ = {isa = PBXFileReference; lastKnownFileType = sourcecode.swift; path = MapView.swift; sourceTree = "<group>"; };
		6BA6108C29C85E93003441F0 /* landmarkData.json */ = {isa = PBXFileReference; fileEncoding = 4; lastKnownFileType = text.json; path = landmarkData.json; sourceTree = "<group>"; };
		6BA6108E29C85EAB003441F0 /* Landmark.swift */ = {isa = PBXFileReference; lastKnownFileType = sourcecode.swift; path = Landmark.swift; sourceTree = "<group>"; };
		6BA6109629C95667003441F0 /* ModelData.swift */ = {isa = PBXFileReference; lastKnownFileType = sourcecode.swift; path = ModelData.swift; sourceTree = "<group>"; };
		6BA6109C29C97A4F003441F0 /* LandmarkRow.swift */ = {isa = PBXFileReference; lastKnownFileType = sourcecode.swift; path = LandmarkRow.swift; sourceTree = "<group>"; };
		6BC0A67C29D18FC9003DAD1D /* FavoriteButton.swift */ = {isa = PBXFileReference; lastKnownFileType = sourcecode.swift; path = FavoriteButton.swift; sourceTree = "<group>"; };
		6BFB224229C988FF005DC7B9 /* LandmarkList.swift */ = {isa = PBXFileReference; lastKnownFileType = sourcecode.swift; path = LandmarkList.swift; sourceTree = "<group>"; };
		6BFB224429C9914A005DC7B9 /* LandmarkDetail.swift */ = {isa = PBXFileReference; lastKnownFileType = sourcecode.swift; path = LandmarkDetail.swift; sourceTree = "<group>"; };
>>>>>>> [Chapter1] 3. handling user input
/* End PBXFileReference section */

/* Begin PBXFrameworksBuildPhase section */
		6B977FA529C1B330001DC154 /* Frameworks */ = {
			isa = PBXFrameworksBuildPhase;
			buildActionMask = 2147483647;
			files = (
			);
			runOnlyForDeploymentPostprocessing = 0;
		};
/* End PBXFrameworksBuildPhase section */

/* Begin PBXGroup section */
		6B977F9F29C1B330001DC154 = {
			isa = PBXGroup;
			children = (
				6B977FAA29C1B330001DC154 /* PUZZLE */,
				6B977FA929C1B330001DC154 /* Products */,
			);
			sourceTree = "<group>";
		};
		6B977FA929C1B330001DC154 /* Products */ = {
			isa = PBXGroup;
			children = (
				6B977FA829C1B330001DC154 /* PUZZLE.app */,
			);
			name = Products;
			sourceTree = "<group>";
		};
		6B977FAA29C1B330001DC154 /* PUZZLE */ = {
			isa = PBXGroup;
			children = (
				6B977FAB29C1B330001DC154 /* PUZZLEApp.swift */,
<<<<<<< refs/remotes/origin/UIStudy/chapter1
				6B977FAD29C1B330001DC154 /* ContentView.swift */,
=======
				6BA6109B29C96366003441F0 /* Models */,
				6BA6109929C96332003441F0 /* Views */,
				6BA6109A29C9634D003441F0 /* Resources */,
>>>>>>> [Chapter1] 3. handling user input
				6B977FAF29C1B333001DC154 /* Assets.xcassets */,
				6B977FB129C1B333001DC154 /* Preview Content */,
			);
			path = PUZZLE;
			sourceTree = "<group>";
		};
		6B977FB129C1B333001DC154 /* Preview Content */ = {
			isa = PBXGroup;
			children = (
				6B977FB229C1B333001DC154 /* Preview Assets.xcassets */,
			);
			path = "Preview Content";
			sourceTree = "<group>";
		};
<<<<<<< refs/remotes/origin/UIStudy/chapter1
=======
		6BA6109929C96332003441F0 /* Views */ = {
			isa = PBXGroup;
			children = (
				6BC0A67F29D19090003DAD1D /* Helpers */,
				6BC0A67E29D1907E003DAD1D /* Landmarks */,
				6B977FAD29C1B330001DC154 /* ContentView.swift */,
			);
			path = Views;
			sourceTree = "<group>";
		};
		6BA6109A29C9634D003441F0 /* Resources */ = {
			isa = PBXGroup;
			children = (
				6BA6108C29C85E93003441F0 /* landmarkData.json */,
			);
			path = Resources;
			sourceTree = "<group>";
		};
		6BA6109B29C96366003441F0 /* Models */ = {
			isa = PBXGroup;
			children = (
				6BA6109629C95667003441F0 /* ModelData.swift */,
				6BA6108E29C85EAB003441F0 /* Landmark.swift */,
			);
			path = Models;
			sourceTree = "<group>";
		};
		6BC0A67E29D1907E003DAD1D /* Landmarks */ = {
			isa = PBXGroup;
			children = (
				6BA6109C29C97A4F003441F0 /* LandmarkRow.swift */,
				6BFB224229C988FF005DC7B9 /* LandmarkList.swift */,
				6BFB224429C9914A005DC7B9 /* LandmarkDetail.swift */,
			);
			path = Landmarks;
			sourceTree = "<group>";
		};
		6BC0A67F29D19090003DAD1D /* Helpers */ = {
			isa = PBXGroup;
			children = (
				6B977FB929C2D0B0001DC154 /* CircleImageView.swift */,
				6B977FBB29C2D908001DC154 /* MapView.swift */,
				6BC0A67C29D18FC9003DAD1D /* FavoriteButton.swift */,
			);
			path = Helpers;
			sourceTree = "<group>";
		};
>>>>>>> [Chapter1] 3. handling user input
/* End PBXGroup section */

/* Begin PBXNativeTarget section */
		6B977FA729C1B330001DC154 /* PUZZLE */ = {
			isa = PBXNativeTarget;
			buildConfigurationList = 6B977FB629C1B334001DC154 /* Build configuration list for PBXNativeTarget "PUZZLE" */;
			buildPhases = (
				6B977FA429C1B330001DC154 /* Sources */,
				6B977FA529C1B330001DC154 /* Frameworks */,
				6B977FA629C1B330001DC154 /* Resources */,
			);
			buildRules = (
			);
			dependencies = (
			);
			name = PUZZLE;
			productName = PUZZLE;
			productReference = 6B977FA829C1B330001DC154 /* PUZZLE.app */;
			productType = "com.apple.product-type.application";
		};
/* End PBXNativeTarget section */

/* Begin PBXProject section */
		6B977FA029C1B330001DC154 /* Project object */ = {
			isa = PBXProject;
			attributes = {
				BuildIndependentTargetsInParallel = 1;
				LastSwiftUpdateCheck = 1400;
				LastUpgradeCheck = 1400;
				TargetAttributes = {
					6B977FA729C1B330001DC154 = {
						CreatedOnToolsVersion = 14.0.1;
					};
				};
			};
			buildConfigurationList = 6B977FA329C1B330001DC154 /* Build configuration list for PBXProject "PUZZLE" */;
			compatibilityVersion = "Xcode 14.0";
			developmentRegion = en;
			hasScannedForEncodings = 0;
			knownRegions = (
				en,
				Base,
			);
			mainGroup = 6B977F9F29C1B330001DC154;
			productRefGroup = 6B977FA929C1B330001DC154 /* Products */;
			projectDirPath = "";
			projectRoot = "";
			targets = (
				6B977FA729C1B330001DC154 /* PUZZLE */,
			);
		};
/* End PBXProject section */

/* Begin PBXResourcesBuildPhase section */
		6B977FA629C1B330001DC154 /* Resources */ = {
			isa = PBXResourcesBuildPhase;
			buildActionMask = 2147483647;
			files = (
				6B977FB329C1B333001DC154 /* Preview Assets.xcassets in Resources */,
				6B977FB029C1B333001DC154 /* Assets.xcassets in Resources */,
<<<<<<< refs/remotes/origin/UIStudy/chapter1
=======
				6BA6108D29C85E94003441F0 /* landmarkData.json in Resources */,
>>>>>>> [Chapter1] 3. handling user input
			);
			runOnlyForDeploymentPostprocessing = 0;
		};
/* End PBXResourcesBuildPhase section */

/* Begin PBXSourcesBuildPhase section */
		6B977FA429C1B330001DC154 /* Sources */ = {
			isa = PBXSourcesBuildPhase;
			buildActionMask = 2147483647;
			files = (
				6B977FAE29C1B330001DC154 /* ContentView.swift in Sources */,
<<<<<<< refs/remotes/origin/UIStudy/chapter1
				6B977FAC29C1B330001DC154 /* PUZZLEApp.swift in Sources */,
=======
				6B977FBC29C2D908001DC154 /* MapView.swift in Sources */,
				6B977FBA29C2D0B0001DC154 /* CircleImageView.swift in Sources */,
				6BC0A67D29D18FC9003DAD1D /* FavoriteButton.swift in Sources */,
				6BFB224329C988FF005DC7B9 /* LandmarkList.swift in Sources */,
				6BFB224529C9914A005DC7B9 /* LandmarkDetail.swift in Sources */,
				6B977FAC29C1B330001DC154 /* PUZZLEApp.swift in Sources */,
				6BA6108F29C85EAB003441F0 /* Landmark.swift in Sources */,
				6BA6109D29C97A4F003441F0 /* LandmarkRow.swift in Sources */,
				6BA6109729C95667003441F0 /* ModelData.swift in Sources */,
>>>>>>> [Chapter1] 3. handling user input
			);
			runOnlyForDeploymentPostprocessing = 0;
		};
/* End PBXSourcesBuildPhase section */

/* Begin XCBuildConfiguration section */
		6B977FB429C1B334001DC154 /* Debug */ = {
			isa = XCBuildConfiguration;
			buildSettings = {
				ALWAYS_SEARCH_USER_PATHS = NO;
				CLANG_ANALYZER_NONNULL = YES;
				CLANG_ANALYZER_NUMBER_OBJECT_CONVERSION = YES_AGGRESSIVE;
				CLANG_CXX_LANGUAGE_STANDARD = "gnu++20";
				CLANG_ENABLE_MODULES = YES;
				CLANG_ENABLE_OBJC_ARC = YES;
				CLANG_ENABLE_OBJC_WEAK = YES;
				CLANG_WARN_BLOCK_CAPTURE_AUTORELEASING = YES;
				CLANG_WARN_BOOL_CONVERSION = YES;
				CLANG_WARN_COMMA = YES;
				CLANG_WARN_CONSTANT_CONVERSION = YES;
				CLANG_WARN_DEPRECATED_OBJC_IMPLEMENTATIONS = YES;
				CLANG_WARN_DIRECT_OBJC_ISA_USAGE = YES_ERROR;
				CLANG_WARN_DOCUMENTATION_COMMENTS = YES;
				CLANG_WARN_EMPTY_BODY = YES;
				CLANG_WARN_ENUM_CONVERSION = YES;
				CLANG_WARN_INFINITE_RECURSION = YES;
				CLANG_WARN_INT_CONVERSION = YES;
				CLANG_WARN_NON_LITERAL_NULL_CONVERSION = YES;
				CLANG_WARN_OBJC_IMPLICIT_RETAIN_SELF = YES;
				CLANG_WARN_OBJC_LITERAL_CONVERSION = YES;
				CLANG_WARN_OBJC_ROOT_CLASS = YES_ERROR;
				CLANG_WARN_QUOTED_INCLUDE_IN_FRAMEWORK_HEADER = YES;
				CLANG_WARN_RANGE_LOOP_ANALYSIS = YES;
				CLANG_WARN_STRICT_PROTOTYPES = YES;
				CLANG_WARN_SUSPICIOUS_MOVE = YES;
				CLANG_WARN_UNGUARDED_AVAILABILITY = YES_AGGRESSIVE;
				CLANG_WARN_UNREACHABLE_CODE = YES;
				CLANG_WARN__DUPLICATE_METHOD_MATCH = YES;
				COPY_PHASE_STRIP = NO;
				DEBUG_INFORMATION_FORMAT = dwarf;
				ENABLE_STRICT_OBJC_MSGSEND = YES;
				ENABLE_TESTABILITY = YES;
				GCC_C_LANGUAGE_STANDARD = gnu11;
				GCC_DYNAMIC_NO_PIC = NO;
				GCC_NO_COMMON_BLOCKS = YES;
				GCC_OPTIMIZATION_LEVEL = 0;
				GCC_PREPROCESSOR_DEFINITIONS = (
					"DEBUG=1",
					"$(inherited)",
				);
				GCC_WARN_64_TO_32_BIT_CONVERSION = YES;
				GCC_WARN_ABOUT_RETURN_TYPE = YES_ERROR;
				GCC_WARN_UNDECLARED_SELECTOR = YES;
				GCC_WARN_UNINITIALIZED_AUTOS = YES_AGGRESSIVE;
				GCC_WARN_UNUSED_FUNCTION = YES;
				GCC_WARN_UNUSED_VARIABLE = YES;
				IPHONEOS_DEPLOYMENT_TARGET = 16.0;
				MTL_ENABLE_DEBUG_INFO = INCLUDE_SOURCE;
				MTL_FAST_MATH = YES;
				ONLY_ACTIVE_ARCH = YES;
				SDKROOT = iphoneos;
				SWIFT_ACTIVE_COMPILATION_CONDITIONS = DEBUG;
				SWIFT_OPTIMIZATION_LEVEL = "-Onone";
			};
			name = Debug;
		};
		6B977FB529C1B334001DC154 /* Release */ = {
			isa = XCBuildConfiguration;
			buildSettings = {
				ALWAYS_SEARCH_USER_PATHS = NO;
				CLANG_ANALYZER_NONNULL = YES;
				CLANG_ANALYZER_NUMBER_OBJECT_CONVERSION = YES_AGGRESSIVE;
				CLANG_CXX_LANGUAGE_STANDARD = "gnu++20";
				CLANG_ENABLE_MODULES = YES;
				CLANG_ENABLE_OBJC_ARC = YES;
				CLANG_ENABLE_OBJC_WEAK = YES;
				CLANG_WARN_BLOCK_CAPTURE_AUTORELEASING = YES;
				CLANG_WARN_BOOL_CONVERSION = YES;
				CLANG_WARN_COMMA = YES;
				CLANG_WARN_CONSTANT_CONVERSION = YES;
				CLANG_WARN_DEPRECATED_OBJC_IMPLEMENTATIONS = YES;
				CLANG_WARN_DIRECT_OBJC_ISA_USAGE = YES_ERROR;
				CLANG_WARN_DOCUMENTATION_COMMENTS = YES;
				CLANG_WARN_EMPTY_BODY = YES;
				CLANG_WARN_ENUM_CONVERSION = YES;
				CLANG_WARN_INFINITE_RECURSION = YES;
				CLANG_WARN_INT_CONVERSION = YES;
				CLANG_WARN_NON_LITERAL_NULL_CONVERSION = YES;
				CLANG_WARN_OBJC_IMPLICIT_RETAIN_SELF = YES;
				CLANG_WARN_OBJC_LITERAL_CONVERSION = YES;
				CLANG_WARN_OBJC_ROOT_CLASS = YES_ERROR;
				CLANG_WARN_QUOTED_INCLUDE_IN_FRAMEWORK_HEADER = YES;
				CLANG_WARN_RANGE_LOOP_ANALYSIS = YES;
				CLANG_WARN_STRICT_PROTOTYPES = YES;
				CLANG_WARN_SUSPICIOUS_MOVE = YES;
				CLANG_WARN_UNGUARDED_AVAILABILITY = YES_AGGRESSIVE;
				CLANG_WARN_UNREACHABLE_CODE = YES;
				CLANG_WARN__DUPLICATE_METHOD_MATCH = YES;
				COPY_PHASE_STRIP = NO;
				DEBUG_INFORMATION_FORMAT = "dwarf-with-dsym";
				ENABLE_NS_ASSERTIONS = NO;
				ENABLE_STRICT_OBJC_MSGSEND = YES;
				GCC_C_LANGUAGE_STANDARD = gnu11;
				GCC_NO_COMMON_BLOCKS = YES;
				GCC_WARN_64_TO_32_BIT_CONVERSION = YES;
				GCC_WARN_ABOUT_RETURN_TYPE = YES_ERROR;
				GCC_WARN_UNDECLARED_SELECTOR = YES;
				GCC_WARN_UNINITIALIZED_AUTOS = YES_AGGRESSIVE;
				GCC_WARN_UNUSED_FUNCTION = YES;
				GCC_WARN_UNUSED_VARIABLE = YES;
				IPHONEOS_DEPLOYMENT_TARGET = 16.0;
				MTL_ENABLE_DEBUG_INFO = NO;
				MTL_FAST_MATH = YES;
				SDKROOT = iphoneos;
				SWIFT_COMPILATION_MODE = wholemodule;
				SWIFT_OPTIMIZATION_LEVEL = "-O";
				VALIDATE_PRODUCT = YES;
			};
			name = Release;
		};
		6B977FB729C1B334001DC154 /* Debug */ = {
			isa = XCBuildConfiguration;
			buildSettings = {
				ASSETCATALOG_COMPILER_APPICON_NAME = AppIcon;
				ASSETCATALOG_COMPILER_GLOBAL_ACCENT_COLOR_NAME = AccentColor;
				CODE_SIGN_STYLE = Automatic;
				CURRENT_PROJECT_VERSION = 1;
				DEVELOPMENT_ASSET_PATHS = "\"PUZZLE/Preview Content\"";
				ENABLE_PREVIEWS = YES;
				GENERATE_INFOPLIST_FILE = YES;
				INFOPLIST_KEY_UIApplicationSceneManifest_Generation = YES;
				INFOPLIST_KEY_UIApplicationSupportsIndirectInputEvents = YES;
				INFOPLIST_KEY_UILaunchScreen_Generation = YES;
				INFOPLIST_KEY_UISupportedInterfaceOrientations_iPad = "UIInterfaceOrientationPortrait UIInterfaceOrientationPortraitUpsideDown UIInterfaceOrientationLandscapeLeft UIInterfaceOrientationLandscapeRight";
				INFOPLIST_KEY_UISupportedInterfaceOrientations_iPhone = "UIInterfaceOrientationPortrait UIInterfaceOrientationLandscapeLeft UIInterfaceOrientationLandscapeRight";
				LD_RUNPATH_SEARCH_PATHS = (
					"$(inherited)",
					"@executable_path/Frameworks",
				);
				MARKETING_VERSION = 1.0;
				PRODUCT_BUNDLE_IDENTIFIER = JW.autumn.PUZZLE;
				PRODUCT_NAME = "$(TARGET_NAME)";
				SWIFT_EMIT_LOC_STRINGS = YES;
				SWIFT_VERSION = 5.0;
				TARGETED_DEVICE_FAMILY = "1,2";
			};
			name = Debug;
		};
		6B977FB829C1B334001DC154 /* Release */ = {
			isa = XCBuildConfiguration;
			buildSettings = {
				ASSETCATALOG_COMPILER_APPICON_NAME = AppIcon;
				ASSETCATALOG_COMPILER_GLOBAL_ACCENT_COLOR_NAME = AccentColor;
				CODE_SIGN_STYLE = Automatic;
				CURRENT_PROJECT_VERSION = 1;
				DEVELOPMENT_ASSET_PATHS = "\"PUZZLE/Preview Content\"";
				ENABLE_PREVIEWS = YES;
				GENERATE_INFOPLIST_FILE = YES;
				INFOPLIST_KEY_UIApplicationSceneManifest_Generation = YES;
				INFOPLIST_KEY_UIApplicationSupportsIndirectInputEvents = YES;
				INFOPLIST_KEY_UILaunchScreen_Generation = YES;
				INFOPLIST_KEY_UISupportedInterfaceOrientations_iPad = "UIInterfaceOrientationPortrait UIInterfaceOrientationPortraitUpsideDown UIInterfaceOrientationLandscapeLeft UIInterfaceOrientationLandscapeRight";
				INFOPLIST_KEY_UISupportedInterfaceOrientations_iPhone = "UIInterfaceOrientationPortrait UIInterfaceOrientationLandscapeLeft UIInterfaceOrientationLandscapeRight";
				LD_RUNPATH_SEARCH_PATHS = (
					"$(inherited)",
					"@executable_path/Frameworks",
				);
				MARKETING_VERSION = 1.0;
				PRODUCT_BUNDLE_IDENTIFIER = JW.autumn.PUZZLE;
				PRODUCT_NAME = "$(TARGET_NAME)";
				SWIFT_EMIT_LOC_STRINGS = YES;
				SWIFT_VERSION = 5.0;
				TARGETED_DEVICE_FAMILY = "1,2";
			};
			name = Release;
		};
/* End XCBuildConfiguration section */

/* Begin XCConfigurationList section */
		6B977FA329C1B330001DC154 /* Build configuration list for PBXProject "PUZZLE" */ = {
			isa = XCConfigurationList;
			buildConfigurations = (
				6B977FB429C1B334001DC154 /* Debug */,
				6B977FB529C1B334001DC154 /* Release */,
			);
			defaultConfigurationIsVisible = 0;
			defaultConfigurationName = Release;
		};
		6B977FB629C1B334001DC154 /* Build configuration list for PBXNativeTarget "PUZZLE" */ = {
			isa = XCConfigurationList;
			buildConfigurations = (
				6B977FB729C1B334001DC154 /* Debug */,
				6B977FB829C1B334001DC154 /* Release */,
			);
			defaultConfigurationIsVisible = 0;
			defaultConfigurationName = Release;
		};
/* End XCConfigurationList section */
	};
	rootObject = 6B977FA029C1B330001DC154 /* Project object */;
}
